// !$*UTF8*$!
{
	archiveVersion = 1;
	classes = {
	};
	objectVersion = 46;
	objects = {

/* Begin PBXBuildFile section */
		8BB8F9A41A66AF9F00E468ED /* AppDelegate.swift in Sources */ = {isa = PBXBuildFile; fileRef = 8BB8F9A31A66AF9F00E468ED /* AppDelegate.swift */; };
		8BB8F9A61A66AF9F00E468ED /* ViewController.swift in Sources */ = {isa = PBXBuildFile; fileRef = 8BB8F9A51A66AF9F00E468ED /* ViewController.swift */; };
		8BB8F9A91A66AF9F00E468ED /* Main.storyboard in Resources */ = {isa = PBXBuildFile; fileRef = 8BB8F9A71A66AF9F00E468ED /* Main.storyboard */; };
		8BB8F9AB1A66AF9F00E468ED /* Images.xcassets in Resources */ = {isa = PBXBuildFile; fileRef = 8BB8F9AA1A66AF9F00E468ED /* Images.xcassets */; };
		8BB8F9AE1A66AF9F00E468ED /* LaunchScreen.xib in Resources */ = {isa = PBXBuildFile; fileRef = 8BB8F9AC1A66AF9F00E468ED /* LaunchScreen.xib */; };
		8BB8F9BA1A66AF9F00E468ED /* CarnetDeVoyageTests.swift in Sources */ = {isa = PBXBuildFile; fileRef = 8BB8F9B91A66AF9F00E468ED /* CarnetDeVoyageTests.swift */; };
/* End PBXBuildFile section */

/* Begin PBXContainerItemProxy section */
		8BB8F9B41A66AF9F00E468ED /* PBXContainerItemProxy */ = {
			isa = PBXContainerItemProxy;
			containerPortal = 8BB8F9961A66AF9F00E468ED /* Project object */;
			proxyType = 1;
			remoteGlobalIDString = 8BB8F99D1A66AF9F00E468ED;
			remoteInfo = CarnetDeVoyage;
		};
/* End PBXContainerItemProxy section */

/* Begin PBXFileReference section */
		8BB8F99E1A66AF9F00E468ED /* CarnetDeVoyage.app */ = {isa = PBXFileReference; explicitFileType = wrapper.application; includeInIndex = 0; path = CarnetDeVoyage.app; sourceTree = BUILT_PRODUCTS_DIR; };
		8BB8F9A21A66AF9F00E468ED /* Info.plist */ = {isa = PBXFileReference; lastKnownFileType = text.plist.xml; path = Info.plist; sourceTree = "<group>"; };
		8BB8F9A31A66AF9F00E468ED /* AppDelegate.swift */ = {isa = PBXFileReference; lastKnownFileType = sourcecode.swift; path = AppDelegate.swift; sourceTree = "<group>"; };
		8BB8F9A51A66AF9F00E468ED /* ViewController.swift */ = {isa = PBXFileReference; lastKnownFileType = sourcecode.swift; path = ViewController.swift; sourceTree = "<group>"; };
		8BB8F9A81A66AF9F00E468ED /* Base */ = {isa = PBXFileReference; lastKnownFileType = file.storyboard; name = Base; path = Base.lproj/Main.storyboard; sourceTree = "<group>"; };
		8BB8F9AA1A66AF9F00E468ED /* Images.xcassets */ = {isa = PBXFileReference; lastKnownFileType = folder.assetcatalog; path = Images.xcassets; sourceTree = "<group>"; };
		8BB8F9AD1A66AF9F00E468ED /* Base */ = {isa = PBXFileReference; lastKnownFileType = file.xib; name = Base; path = Base.lproj/LaunchScreen.xib; sourceTree = "<group>"; };
		8BB8F9B31A66AF9F00E468ED /* CarnetDeVoyageTests.xctest */ = {isa = PBXFileReference; explicitFileType = wrapper.cfbundle; includeInIndex = 0; path = CarnetDeVoyageTests.xctest; sourceTree = BUILT_PRODUCTS_DIR; };
		8BB8F9B81A66AF9F00E468ED /* Info.plist */ = {isa = PBXFileReference; lastKnownFileType = text.plist.xml; path = Info.plist; sourceTree = "<group>"; };
		8BB8F9B91A66AF9F00E468ED /* CarnetDeVoyageTests.swift */ = {isa = PBXFileReference; lastKnownFileType = sourcecode.swift; path = CarnetDeVoyageTests.swift; sourceTree = "<group>"; };
/* End PBXFileReference section */

/* Begin PBXFrameworksBuildPhase section */
		8BB8F99B1A66AF9F00E468ED /* Frameworks */ = {
			isa = PBXFrameworksBuildPhase;
			buildActionMask = 2147483647;
			files = (
			);
			runOnlyForDeploymentPostprocessing = 0;
		};
		8BB8F9B01A66AF9F00E468ED /* Frameworks */ = {
			isa = PBXFrameworksBuildPhase;
			buildActionMask = 2147483647;
			files = (
			);
			runOnlyForDeploymentPostprocessing = 0;
		};
/* End PBXFrameworksBuildPhase section */

/* Begin PBXGroup section */
		8BB8F9951A66AF9F00E468ED = {
			isa = PBXGroup;
			children = (
				8BB8F9A01A66AF9F00E468ED /* CarnetDeVoyage */,
				8BB8F9B61A66AF9F00E468ED /* CarnetDeVoyageTests */,
				8BB8F99F1A66AF9F00E468ED /* Products */,
			);
			sourceTree = "<group>";
		};
		8BB8F99F1A66AF9F00E468ED /* Products */ = {
			isa = PBXGroup;
			children = (
				8BB8F99E1A66AF9F00E468ED /* CarnetDeVoyage.app */,
				8BB8F9B31A66AF9F00E468ED /* CarnetDeVoyageTests.xctest */,
			);
			name = Products;
			sourceTree = "<group>";
		};
		8BB8F9A01A66AF9F00E468ED /* CarnetDeVoyage */ = {
			isa = PBXGroup;
			children = (
				8BB8F9A31A66AF9F00E468ED /* AppDelegate.swift */,
				8BB8F9A51A66AF9F00E468ED /* ViewController.swift */,
				8BB8F9A71A66AF9F00E468ED /* Main.storyboard */,
				8BB8F9AA1A66AF9F00E468ED /* Images.xcassets */,
				8BB8F9AC1A66AF9F00E468ED /* LaunchScreen.xib */,
				8BB8F9A11A66AF9F00E468ED /* Supporting Files */,
			);
			path = CarnetDeVoyage;
			sourceTree = "<group>";
		};
		8BB8F9A11A66AF9F00E468ED /* Supporting Files */ = {
			isa = PBXGroup;
			children = (
				8BB8F9A21A66AF9F00E468ED /* Info.plist */,
			);
			name = "Supporting Files";
			sourceTree = "<group>";
		};
		8BB8F9B61A66AF9F00E468ED /* CarnetDeVoyageTests */ = {
			isa = PBXGroup;
			children = (
				8BB8F9B91A66AF9F00E468ED /* CarnetDeVoyageTests.swift */,
				8BB8F9B71A66AF9F00E468ED /* Supporting Files */,
			);
			path = CarnetDeVoyageTests;
			sourceTree = "<group>";
		};
		8BB8F9B71A66AF9F00E468ED /* Supporting Files */ = {
			isa = PBXGroup;
			children = (
				8BB8F9B81A66AF9F00E468ED /* Info.plist */,
			);
			name = "Supporting Files";
			sourceTree = "<group>";
		};
/* End PBXGroup section */

/* Begin PBXNativeTarget section */
		8BB8F99D1A66AF9F00E468ED /* CarnetDeVoyage */ = {
			isa = PBXNativeTarget;
			buildConfigurationList = 8BB8F9BD1A66AF9F00E468ED /* Build configuration list for PBXNativeTarget "CarnetDeVoyage" */;
			buildPhases = (
				8BB8F99A1A66AF9F00E468ED /* Sources */,
				8BB8F99B1A66AF9F00E468ED /* Frameworks */,
				8BB8F99C1A66AF9F00E468ED /* Resources */,
			);
			buildRules = (
			);
			dependencies = (
			);
			name = CarnetDeVoyage;
			productName = CarnetDeVoyage;
			productReference = 8BB8F99E1A66AF9F00E468ED /* CarnetDeVoyage.app */;
			productType = "com.apple.product-type.application";
		};
		8BB8F9B21A66AF9F00E468ED /* CarnetDeVoyageTests */ = {
			isa = PBXNativeTarget;
			buildConfigurationList = 8BB8F9C01A66AF9F00E468ED /* Build configuration list for PBXNativeTarget "CarnetDeVoyageTests" */;
			buildPhases = (
				8BB8F9AF1A66AF9F00E468ED /* Sources */,
				8BB8F9B01A66AF9F00E468ED /* Frameworks */,
				8BB8F9B11A66AF9F00E468ED /* Resources */,
			);
			buildRules = (
			);
			dependencies = (
				8BB8F9B51A66AF9F00E468ED /* PBXTargetDependency */,
			);
			name = CarnetDeVoyageTests;
			productName = CarnetDeVoyageTests;
			productReference = 8BB8F9B31A66AF9F00E468ED /* CarnetDeVoyageTests.xctest */;
			productType = "com.apple.product-type.bundle.unit-test";
		};
/* End PBXNativeTarget section */

/* Begin PBXProject section */
		8BB8F9961A66AF9F00E468ED /* Project object */ = {
			isa = PBXProject;
			attributes = {
				LastUpgradeCheck = 0610;
				ORGANIZATIONNAME = Developer;
				TargetAttributes = {
					8BB8F99D1A66AF9F00E468ED = {
						CreatedOnToolsVersion = 6.1;
					};
					8BB8F9B21A66AF9F00E468ED = {
						CreatedOnToolsVersion = 6.1;
						TestTargetID = 8BB8F99D1A66AF9F00E468ED;
					};
				};
			};
			buildConfigurationList = 8BB8F9991A66AF9F00E468ED /* Build configuration list for PBXProject "CarnetDeVoyage" */;
			compatibilityVersion = "Xcode 3.2";
			developmentRegion = English;
			hasScannedForEncodings = 0;
			knownRegions = (
				en,
				Base,
			);
			mainGroup = 8BB8F9951A66AF9F00E468ED;
			productRefGroup = 8BB8F99F1A66AF9F00E468ED /* Products */;
			projectDirPath = "";
			projectRoot = "";
			targets = (
				8BB8F99D1A66AF9F00E468ED /* CarnetDeVoyage */,
				8BB8F9B21A66AF9F00E468ED /* CarnetDeVoyageTests */,
			);
		};
/* End PBXProject section */

/* Begin PBXResourcesBuildPhase section */
		8BB8F99C1A66AF9F00E468ED /* Resources */ = {
			isa = PBXResourcesBuildPhase;
			buildActionMask = 2147483647;
			files = (
				8BB8F9A91A66AF9F00E468ED /* Main.storyboard in Resources */,
				8BB8F9AE1A66AF9F00E468ED /* LaunchScreen.xib in Resources */,
				8BB8F9AB1A66AF9F00E468ED /* Images.xcassets in Resources */,
			);
			runOnlyForDeploymentPostprocessing = 0;
		};
		8BB8F9B11A66AF9F00E468ED /* Resources */ = {
			isa = PBXResourcesBuildPhase;
			buildActionMask = 2147483647;
			files = (
			);
			runOnlyForDeploymentPostprocessing = 0;
		};
/* End PBXResourcesBuildPhase section */

/* Begin PBXSourcesBuildPhase section */
		8BB8F99A1A66AF9F00E468ED /* Sources */ = {
			isa = PBXSourcesBuildPhase;
			buildActionMask = 2147483647;
			files = (
				8BB8F9A61A66AF9F00E468ED /* ViewController.swift in Sources */,
				8BB8F9A41A66AF9F00E468ED /* AppDelegate.swift in Sources */,
			);
			runOnlyForDeploymentPostprocessing = 0;
		};
		8BB8F9AF1A66AF9F00E468ED /* Sources */ = {
			isa = PBXSourcesBuildPhase;
			buildActionMask = 2147483647;
			files = (
				8BB8F9BA1A66AF9F00E468ED /* CarnetDeVoyageTests.swift in Sources */,
			);
			runOnlyForDeploymentPostprocessing = 0;
		};
/* End PBXSourcesBuildPhase section */

/* Begin PBXTargetDependency section */
		8BB8F9B51A66AF9F00E468ED /* PBXTargetDependency */ = {
			isa = PBXTargetDependency;
			target = 8BB8F99D1A66AF9F00E468ED /* CarnetDeVoyage */;
			targetProxy = 8BB8F9B41A66AF9F00E468ED /* PBXContainerItemProxy */;
		};
/* End PBXTargetDependency section */

/* Begin PBXVariantGroup section */
		8BB8F9A71A66AF9F00E468ED /* Main.storyboard */ = {
			isa = PBXVariantGroup;
			children = (
				8BB8F9A81A66AF9F00E468ED /* Base */,
			);
			name = Main.storyboard;
			sourceTree = "<group>";
		};
		8BB8F9AC1A66AF9F00E468ED /* LaunchScreen.xib */ = {
			isa = PBXVariantGroup;
			children = (
				8BB8F9AD1A66AF9F00E468ED /* Base */,
			);
			name = LaunchScreen.xib;
			sourceTree = "<group>";
		};
/* End PBXVariantGroup section */

/* Begin XCBuildConfiguration section */
		8BB8F9BB1A66AF9F00E468ED /* Debug */ = {
			isa = XCBuildConfiguration;
			buildSettings = {
				ALWAYS_SEARCH_USER_PATHS = NO;
				CLANG_CXX_LANGUAGE_STANDARD = "gnu++0x";
				CLANG_CXX_LIBRARY = "libc++";
				CLANG_ENABLE_MODULES = YES;
				CLANG_ENABLE_OBJC_ARC = YES;
				CLANG_WARN_BOOL_CONVERSION = YES;
				CLANG_WARN_CONSTANT_CONVERSION = YES;
				CLANG_WARN_DIRECT_OBJC_ISA_USAGE = YES_ERROR;
				CLANG_WARN_EMPTY_BODY = YES;
				CLANG_WARN_ENUM_CONVERSION = YES;
				CLANG_WARN_INT_CONVERSION = YES;
				CLANG_WARN_OBJC_ROOT_CLASS = YES_ERROR;
				CLANG_WARN_UNREACHABLE_CODE = YES;
				CLANG_WARN__DUPLICATE_METHOD_MATCH = YES;
				"CODE_SIGN_IDENTITY[sdk=iphoneos*]" = "iPhone Developer";
				COPY_PHASE_STRIP = NO;
				ENABLE_STRICT_OBJC_MSGSEND = YES;
				GCC_C_LANGUAGE_STANDARD = gnu99;
				GCC_DYNAMIC_NO_PIC = NO;
				GCC_OPTIMIZATION_LEVEL = 0;
				GCC_PREPROCESSOR_DEFINITIONS = (
					"DEBUG=1",
					"$(inherited)",
				);
				GCC_SYMBOLS_PRIVATE_EXTERN = NO;
				GCC_WARN_64_TO_32_BIT_CONVERSION = YES;
				GCC_WARN_ABOUT_RETURN_TYPE = YES_ERROR;
				GCC_WARN_UNDECLARED_SELECTOR = YES;
				GCC_WARN_UNINITIALIZED_AUTOS = YES_AGGRESSIVE;
				GCC_WARN_UNUSED_FUNCTION = YES;
				GCC_WARN_UNUSED_VARIABLE = YES;
				IPHONEOS_DEPLOYMENT_TARGET = 8.1;
				MTL_ENABLE_DEBUG_INFO = YES;
				ONLY_ACTIVE_ARCH = YES;
				SDKROOT = iphoneos;
				SWIFT_OPTIMIZATION_LEVEL = "-Onone";
			};
			name = Debug;
		};
		8BB8F9BC1A66AF9F00E468ED /* Release */ = {
			isa = XCBuildConfiguration;
			buildSettings = {
				ALWAYS_SEARCH_USER_PATHS = NO;
				CLANG_CXX_LANGUAGE_STANDARD = "gnu++0x";
				CLANG_CXX_LIBRARY = "libc++";
				CLANG_ENABLE_MODULES = YES;
				CLANG_ENABLE_OBJC_ARC = YES;
				CLANG_WARN_BOOL_CONVERSION = YES;
				CLANG_WARN_CONSTANT_CONVERSION = YES;
				CLANG_WARN_DIRECT_OBJC_ISA_USAGE = YES_ERROR;
				CLANG_WARN_EMPTY_BODY = YES;
				CLANG_WARN_ENUM_CONVERSION = YES;
				CLANG_WARN_INT_CONVERSION = YES;
				CLANG_WARN_OBJC_ROOT_CLASS = YES_ERROR;
				CLANG_WARN_UNREACHABLE_CODE = YES;
				CLANG_WARN__DUPLICATE_METHOD_MATCH = YES;
				"CODE_SIGN_IDENTITY[sdk=iphoneos*]" = "iPhone Developer";
				COPY_PHASE_STRIP = YES;
				ENABLE_NS_ASSERTIONS = NO;
				ENABLE_STRICT_OBJC_MSGSEND = YES;
				GCC_C_LANGUAGE_STANDARD = gnu99;
				GCC_WARN_64_TO_32_BIT_CONVERSION = YES;
				GCC_WARN_ABOUT_RETURN_TYPE = YES_ERROR;
				GCC_WARN_UNDECLARED_SELECTOR = YES;
				GCC_WARN_UNINITIALIZED_AUTOS = YES_AGGRESSIVE;
				GCC_WARN_UNUSED_FUNCTION = YES;
				GCC_WARN_UNUSED_VARIABLE = YES;
				IPHONEOS_DEPLOYMENT_TARGET = 8.1;
				MTL_ENABLE_DEBUG_INFO = NO;
				SDKROOT = iphoneos;
				VALIDATE_PRODUCT = YES;
			};
			name = Release;
		};
		8BB8F9BE1A66AF9F00E468ED /* Debug */ = {
			isa = XCBuildConfiguration;
			buildSettings = {
				ASSETCATALOG_COMPILER_APPICON_NAME = AppIcon;
				INFOPLIST_FILE = CarnetDeVoyage/Info.plist;
				LD_RUNPATH_SEARCH_PATHS = "$(inherited) @executable_path/Frameworks";
				PRODUCT_NAME = "$(TARGET_NAME)";
			};
			name = Debug;
		};
		8BB8F9BF1A66AF9F00E468ED /* Release */ = {
			isa = XCBuildConfiguration;
			buildSettings = {
				ASSETCATALOG_COMPILER_APPICON_NAME = AppIcon;
				INFOPLIST_FILE = CarnetDeVoyage/Info.plist;
				LD_RUNPATH_SEARCH_PATHS = "$(inherited) @executable_path/Frameworks";
				PRODUCT_NAME = "$(TARGET_NAME)";
			};
			name = Release;
		};
		8BB8F9C11A66AF9F00E468ED /* Debug */ = {
			isa = XCBuildConfiguration;
			buildSettings = {
				BUNDLE_LOADER = "$(TEST_HOST)";
				FRAMEWORK_SEARCH_PATHS = (
					"$(SDKROOT)/Developer/Library/Frameworks",
					"$(inherited)",
				);
				GCC_PREPROCESSOR_DEFINITIONS = (
					"DEBUG=1",
					"$(inherited)",
				);
				INFOPLIST_FILE = CarnetDeVoyageTests/Info.plist;
				LD_RUNPATH_SEARCH_PATHS = "$(inherited) @executable_path/Frameworks @loader_path/Frameworks";
				PRODUCT_NAME = "$(TARGET_NAME)";
				TEST_HOST = "$(BUILT_PRODUCTS_DIR)/CarnetDeVoyage.app/CarnetDeVoyage";
			};
			name = Debug;
		};
		8BB8F9C21A66AF9F00E468ED /* Release */ = {
			isa = XCBuildConfiguration;
			buildSettings = {
				BUNDLE_LOADER = "$(TEST_HOST)";
				FRAMEWORK_SEARCH_PATHS = (
					"$(SDKROOT)/Developer/Library/Frameworks",
					"$(inherited)",
				);
				INFOPLIST_FILE = CarnetDeVoyageTests/Info.plist;
				LD_RUNPATH_SEARCH_PATHS = "$(inherited) @executable_path/Frameworks @loader_path/Frameworks";
				PRODUCT_NAME = "$(TARGET_NAME)";
				TEST_HOST = "$(BUILT_PRODUCTS_DIR)/CarnetDeVoyage.app/CarnetDeVoyage";
			};
			name = Release;
		};
/* End XCBuildConfiguration section */

/* Begin XCConfigurationList section */
		8BB8F9991A66AF9F00E468ED /* Build configuration list for PBXProject "CarnetDeVoyage" */ = {
			isa = XCConfigurationList;
			buildConfigurations = (
				8BB8F9BB1A66AF9F00E468ED /* Debug */,
				8BB8F9BC1A66AF9F00E468ED /* Release */,
			);
			defaultConfigurationIsVisible = 0;
			defaultConfigurationName = Release;
		};
		8BB8F9BD1A66AF9F00E468ED /* Build configuration list for PBXNativeTarget "CarnetDeVoyage" */ = {
			isa = XCConfigurationList;
			buildConfigurations = (
				8BB8F9BE1A66AF9F00E468ED /* Debug */,
				8BB8F9BF1A66AF9F00E468ED /* Release */,
			);
			defaultConfigurationIsVisible = 0;
		};
		8BB8F9C01A66AF9F00E468ED /* Build configuration list for PBXNativeTarget "CarnetDeVoyageTests" */ = {
			isa = XCConfigurationList;
			buildConfigurations = (
				8BB8F9C11A66AF9F00E468ED /* Debug */,
				8BB8F9C21A66AF9F00E468ED /* Release */,
			);
			defaultConfigurationIsVisible = 0;
		};
/* End XCConfigurationList section */
	};
	rootObject = 8BB8F9961A66AF9F00E468ED /* Project object */;
}
